// !$*UTF8*$!
{
	archiveVersion = 1;
	classes = {
	};
	objectVersion = 52;
	objects = {

/* Begin PBXBuildFile section */
		021758B821C3627300C6A8CD /* DesignateInputModeTextView.swift in Sources */ = {isa = PBXBuildFile; fileRef = 021758B721C3627300C6A8CD /* DesignateInputModeTextView.swift */; };
		0217592C21C4CE8500C6A8CD /* BlueToothCentral.swift in Sources */ = {isa = PBXBuildFile; fileRef = 0217592B21C4CE8500C6A8CD /* BlueToothCentral.swift */; };
		0217593421C4D46300C6A8CD /* IntentHandler.swift in Sources */ = {isa = PBXBuildFile; fileRef = 0217593321C4D46300C6A8CD /* IntentHandler.swift */; };
		0217593D21C4D46300C6A8CD /* IntentsUI.framework in Frameworks */ = {isa = PBXBuildFile; fileRef = 0217593C21C4D46300C6A8CD /* IntentsUI.framework */; };
		0217594021C4D46300C6A8CD /* IntentViewController.swift in Sources */ = {isa = PBXBuildFile; fileRef = 0217593F21C4D46300C6A8CD /* IntentViewController.swift */; };
		0217594321C4D46300C6A8CD /* MainInterface.storyboard in Resources */ = {isa = PBXBuildFile; fileRef = 0217594121C4D46300C6A8CD /* MainInterface.storyboard */; };
		0217594721C4D46300C6A8CD /* SiriIntentUI.appex in Embed App Extensions */ = {isa = PBXBuildFile; fileRef = 0217593A21C4D46300C6A8CD /* SiriIntentUI.appex */; platformFilter = ios; settings = {ATTRIBUTES = (RemoveHeadersOnCopy, ); }; };
		0217594A21C4D46300C6A8CD /* SiriIntent.appex in Embed App Extensions */ = {isa = PBXBuildFile; fileRef = 0217593121C4D46300C6A8CD /* SiriIntent.appex */; platformFilter = ios; settings = {ATTRIBUTES = (RemoveHeadersOnCopy, ); }; };
		0217595D21C4E57900C6A8CD /* BlueDelegate.swift in Sources */ = {isa = PBXBuildFile; fileRef = 0217595C21C4E57900C6A8CD /* BlueDelegate.swift */; };
		0220D9F822BE501B003BF0E6 /* ChooseCharViewController.swift in Sources */ = {isa = PBXBuildFile; fileRef = 0220D9F722BE501B003BF0E6 /* ChooseCharViewController.swift */; };
		02EA0EFE21BE4E5300E831F8 /* AppDelegate.swift in Sources */ = {isa = PBXBuildFile; fileRef = 02EA0EFD21BE4E5300E831F8 /* AppDelegate.swift */; };
		02EA0F0521BE4E5500E831F8 /* Assets.xcassets in Resources */ = {isa = PBXBuildFile; fileRef = 02EA0F0421BE4E5500E831F8 /* Assets.xcassets */; };
		02EA0F0821BE4E5500E831F8 /* LaunchScreen.storyboard in Resources */ = {isa = PBXBuildFile; fileRef = 02EA0F0621BE4E5500E831F8 /* LaunchScreen.storyboard */; };
		02EA0F1621BE4F1200E831F8 /* ViewController.swift in Sources */ = {isa = PBXBuildFile; fileRef = 02EA0F0F21BE4F1200E831F8 /* ViewController.swift */; };
		02EA0F1721BE4F1200E831F8 /* TransitionAnimator.swift in Sources */ = {isa = PBXBuildFile; fileRef = 02EA0F1021BE4F1200E831F8 /* TransitionAnimator.swift */; };
		02EA0F1821BE4F1200E831F8 /* TransAnimatorBack.swift in Sources */ = {isa = PBXBuildFile; fileRef = 02EA0F1121BE4F1200E831F8 /* TransAnimatorBack.swift */; };
		02EA0F1A21BE4F1200E831F8 /* Transition.swift in Sources */ = {isa = PBXBuildFile; fileRef = 02EA0F1321BE4F1200E831F8 /* Transition.swift */; };
		02EA0F1B21BE4F1200E831F8 /* ScanTableViewController.swift in Sources */ = {isa = PBXBuildFile; fileRef = 02EA0F1421BE4F1200E831F8 /* ScanTableViewController.swift */; };
		02EA0F1C21BE4F1200E831F8 /* Main.storyboard in Resources */ = {isa = PBXBuildFile; fileRef = 02EA0F1521BE4F1200E831F8 /* Main.storyboard */; };
/* End PBXBuildFile section */

/* Begin PBXContainerItemProxy section */
		0217594521C4D46300C6A8CD /* PBXContainerItemProxy */ = {
			isa = PBXContainerItemProxy;
			containerPortal = 02EA0EF221BE4E5300E831F8 /* Project object */;
			proxyType = 1;
			remoteGlobalIDString = 0217593921C4D46300C6A8CD;
			remoteInfo = SiriIntentUI;
		};
		0217594821C4D46300C6A8CD /* PBXContainerItemProxy */ = {
			isa = PBXContainerItemProxy;
			containerPortal = 02EA0EF221BE4E5300E831F8 /* Project object */;
			proxyType = 1;
			remoteGlobalIDString = 0217593021C4D46300C6A8CD;
			remoteInfo = SiriIntent;
		};
/* End PBXContainerItemProxy section */

/* Begin PBXCopyFilesBuildPhase section */
		0217595121C4D46300C6A8CD /* Embed App Extensions */ = {
			isa = PBXCopyFilesBuildPhase;
			buildActionMask = 2147483647;
			dstPath = "";
			dstSubfolderSpec = 13;
			files = (
				0217594721C4D46300C6A8CD /* SiriIntentUI.appex in Embed App Extensions */,
				0217594A21C4D46300C6A8CD /* SiriIntent.appex in Embed App Extensions */,
			);
			name = "Embed App Extensions";
			runOnlyForDeploymentPostprocessing = 0;
		};
/* End PBXCopyFilesBuildPhase section */

/* Begin PBXFileReference section */
		021758B721C3627300C6A8CD /* DesignateInputModeTextView.swift */ = {isa = PBXFileReference; lastKnownFileType = sourcecode.swift; path = DesignateInputModeTextView.swift; sourceTree = "<group>"; };
		0217592B21C4CE8500C6A8CD /* BlueToothCentral.swift */ = {isa = PBXFileReference; lastKnownFileType = sourcecode.swift; path = BlueToothCentral.swift; sourceTree = "<group>"; };
		0217593121C4D46300C6A8CD /* SiriIntent.appex */ = {isa = PBXFileReference; explicitFileType = "wrapper.app-extension"; includeInIndex = 0; path = SiriIntent.appex; sourceTree = BUILT_PRODUCTS_DIR; };
		0217593321C4D46300C6A8CD /* IntentHandler.swift */ = {isa = PBXFileReference; lastKnownFileType = sourcecode.swift; path = IntentHandler.swift; sourceTree = "<group>"; };
		0217593521C4D46300C6A8CD /* Info.plist */ = {isa = PBXFileReference; lastKnownFileType = text.plist.xml; path = Info.plist; sourceTree = "<group>"; };
		0217593A21C4D46300C6A8CD /* SiriIntentUI.appex */ = {isa = PBXFileReference; explicitFileType = "wrapper.app-extension"; includeInIndex = 0; path = SiriIntentUI.appex; sourceTree = BUILT_PRODUCTS_DIR; };
		0217593C21C4D46300C6A8CD /* IntentsUI.framework */ = {isa = PBXFileReference; lastKnownFileType = wrapper.framework; name = IntentsUI.framework; path = System/Library/Frameworks/IntentsUI.framework; sourceTree = SDKROOT; };
		0217593F21C4D46300C6A8CD /* IntentViewController.swift */ = {isa = PBXFileReference; lastKnownFileType = sourcecode.swift; path = IntentViewController.swift; sourceTree = "<group>"; };
		0217594221C4D46300C6A8CD /* Base */ = {isa = PBXFileReference; lastKnownFileType = file.storyboard; name = Base; path = Base.lproj/MainInterface.storyboard; sourceTree = "<group>"; };
		0217594421C4D46300C6A8CD /* Info.plist */ = {isa = PBXFileReference; lastKnownFileType = text.plist.xml; path = Info.plist; sourceTree = "<group>"; };
		0217595C21C4E57900C6A8CD /* BlueDelegate.swift */ = {isa = PBXFileReference; lastKnownFileType = sourcecode.swift; path = BlueDelegate.swift; sourceTree = "<group>"; };
		0220D9F722BE501B003BF0E6 /* ChooseCharViewController.swift */ = {isa = PBXFileReference; lastKnownFileType = sourcecode.swift; path = ChooseCharViewController.swift; sourceTree = "<group>"; };
		02EA0EFA21BE4E5300E831F8 /* TransparentSend.app */ = {isa = PBXFileReference; explicitFileType = wrapper.application; includeInIndex = 0; path = TransparentSend.app; sourceTree = BUILT_PRODUCTS_DIR; };
		02EA0EFD21BE4E5300E831F8 /* AppDelegate.swift */ = {isa = PBXFileReference; lastKnownFileType = sourcecode.swift; path = AppDelegate.swift; sourceTree = "<group>"; };
		02EA0F0421BE4E5500E831F8 /* Assets.xcassets */ = {isa = PBXFileReference; lastKnownFileType = folder.assetcatalog; path = Assets.xcassets; sourceTree = "<group>"; };
		02EA0F0721BE4E5500E831F8 /* Base */ = {isa = PBXFileReference; lastKnownFileType = file.storyboard; name = Base; path = Base.lproj/LaunchScreen.storyboard; sourceTree = "<group>"; };
		02EA0F0921BE4E5500E831F8 /* Info.plist */ = {isa = PBXFileReference; lastKnownFileType = text.plist.xml; path = Info.plist; sourceTree = "<group>"; };
		02EA0F0F21BE4F1200E831F8 /* ViewController.swift */ = {isa = PBXFileReference; fileEncoding = 4; lastKnownFileType = sourcecode.swift; path = ViewController.swift; sourceTree = "<group>"; };
		02EA0F1021BE4F1200E831F8 /* TransitionAnimator.swift */ = {isa = PBXFileReference; fileEncoding = 4; lastKnownFileType = sourcecode.swift; path = TransitionAnimator.swift; sourceTree = "<group>"; };
		02EA0F1121BE4F1200E831F8 /* TransAnimatorBack.swift */ = {isa = PBXFileReference; fileEncoding = 4; lastKnownFileType = sourcecode.swift; path = TransAnimatorBack.swift; sourceTree = "<group>"; };
		02EA0F1321BE4F1200E831F8 /* Transition.swift */ = {isa = PBXFileReference; fileEncoding = 4; lastKnownFileType = sourcecode.swift; path = Transition.swift; sourceTree = "<group>"; };
		02EA0F1421BE4F1200E831F8 /* ScanTableViewController.swift */ = {isa = PBXFileReference; fileEncoding = 4; lastKnownFileType = sourcecode.swift; path = ScanTableViewController.swift; sourceTree = "<group>"; };
		02EA0F1521BE4F1200E831F8 /* Main.storyboard */ = {isa = PBXFileReference; fileEncoding = 4; lastKnownFileType = file.storyboard; path = Main.storyboard; sourceTree = "<group>"; };
		02EA492D23D315FE00B89B61 /* TransparentSend.entitlements */ = {isa = PBXFileReference; lastKnownFileType = text.plist.entitlements; path = TransparentSend.entitlements; sourceTree = "<group>"; };
/* End PBXFileReference section */

/* Begin PBXFrameworksBuildPhase section */
		0217592E21C4D46300C6A8CD /* Frameworks */ = {
			isa = PBXFrameworksBuildPhase;
			buildActionMask = 2147483647;
			files = (
			);
			runOnlyForDeploymentPostprocessing = 0;
		};
		0217593721C4D46300C6A8CD /* Frameworks */ = {
			isa = PBXFrameworksBuildPhase;
			buildActionMask = 2147483647;
			files = (
				0217593D21C4D46300C6A8CD /* IntentsUI.framework in Frameworks */,
			);
			runOnlyForDeploymentPostprocessing = 0;
		};
		02EA0EF721BE4E5300E831F8 /* Frameworks */ = {
			isa = PBXFrameworksBuildPhase;
			buildActionMask = 2147483647;
			files = (
			);
			runOnlyForDeploymentPostprocessing = 0;
		};
/* End PBXFrameworksBuildPhase section */

/* Begin PBXGroup section */
		0217593221C4D46300C6A8CD /* SiriIntent */ = {
			isa = PBXGroup;
			children = (
				0217593321C4D46300C6A8CD /* IntentHandler.swift */,
				0217595C21C4E57900C6A8CD /* BlueDelegate.swift */,
				0217593521C4D46300C6A8CD /* Info.plist */,
			);
			path = SiriIntent;
			sourceTree = "<group>";
		};
		0217593B21C4D46300C6A8CD /* Frameworks */ = {
			isa = PBXGroup;
			children = (
				0217593C21C4D46300C6A8CD /* IntentsUI.framework */,
			);
			name = Frameworks;
			sourceTree = "<group>";
		};
		0217593E21C4D46300C6A8CD /* SiriIntentUI */ = {
			isa = PBXGroup;
			children = (
				0217593F21C4D46300C6A8CD /* IntentViewController.swift */,
				0217594121C4D46300C6A8CD /* MainInterface.storyboard */,
				0217594421C4D46300C6A8CD /* Info.plist */,
			);
			path = SiriIntentUI;
			sourceTree = "<group>";
		};
		02EA0EF121BE4E5300E831F8 = {
			isa = PBXGroup;
			children = (
				02EA0EFC21BE4E5300E831F8 /* TransparentSend */,
				0217593221C4D46300C6A8CD /* SiriIntent */,
				0217593E21C4D46300C6A8CD /* SiriIntentUI */,
				0217593B21C4D46300C6A8CD /* Frameworks */,
				02EA0EFB21BE4E5300E831F8 /* Products */,
			);
			sourceTree = "<group>";
		};
		02EA0EFB21BE4E5300E831F8 /* Products */ = {
			isa = PBXGroup;
			children = (
				02EA0EFA21BE4E5300E831F8 /* TransparentSend.app */,
				0217593121C4D46300C6A8CD /* SiriIntent.appex */,
				0217593A21C4D46300C6A8CD /* SiriIntentUI.appex */,
			);
			name = Products;
			sourceTree = "<group>";
		};
		02EA0EFC21BE4E5300E831F8 /* TransparentSend */ = {
			isa = PBXGroup;
			children = (
				02EA492D23D315FE00B89B61 /* TransparentSend.entitlements */,
				02EA0EFD21BE4E5300E831F8 /* AppDelegate.swift */,
				02EA0F1521BE4F1200E831F8 /* Main.storyboard */,
				0220D9F722BE501B003BF0E6 /* ChooseCharViewController.swift */,
				02EA0F0F21BE4F1200E831F8 /* ViewController.swift */,
				0217592B21C4CE8500C6A8CD /* BlueToothCentral.swift */,
				021758B721C3627300C6A8CD /* DesignateInputModeTextView.swift */,
				02EA0F1421BE4F1200E831F8 /* ScanTableViewController.swift */,
				02EA0F1121BE4F1200E831F8 /* TransAnimatorBack.swift */,
				02EA0F1321BE4F1200E831F8 /* Transition.swift */,
				02EA0F1021BE4F1200E831F8 /* TransitionAnimator.swift */,
				02EA0F0421BE4E5500E831F8 /* Assets.xcassets */,
				02EA0F0621BE4E5500E831F8 /* LaunchScreen.storyboard */,
				02EA0F0921BE4E5500E831F8 /* Info.plist */,
			);
			path = TransparentSend;
			sourceTree = "<group>";
		};
/* End PBXGroup section */

/* Begin PBXNativeTarget section */
		0217593021C4D46300C6A8CD /* SiriIntent */ = {
			isa = PBXNativeTarget;
			buildConfigurationList = 0217594E21C4D46300C6A8CD /* Build configuration list for PBXNativeTarget "SiriIntent" */;
			buildPhases = (
				0217592D21C4D46300C6A8CD /* Sources */,
				0217592E21C4D46300C6A8CD /* Frameworks */,
				0217592F21C4D46300C6A8CD /* Resources */,
			);
			buildRules = (
			);
			dependencies = (
			);
			name = SiriIntent;
			productName = SiriIntent;
			productReference = 0217593121C4D46300C6A8CD /* SiriIntent.appex */;
			productType = "com.apple.product-type.app-extension";
		};
		0217593921C4D46300C6A8CD /* SiriIntentUI */ = {
			isa = PBXNativeTarget;
			buildConfigurationList = 0217594B21C4D46300C6A8CD /* Build configuration list for PBXNativeTarget "SiriIntentUI" */;
			buildPhases = (
				0217593621C4D46300C6A8CD /* Sources */,
				0217593721C4D46300C6A8CD /* Frameworks */,
				0217593821C4D46300C6A8CD /* Resources */,
			);
			buildRules = (
			);
			dependencies = (
			);
			name = SiriIntentUI;
			productName = SiriIntentUI;
			productReference = 0217593A21C4D46300C6A8CD /* SiriIntentUI.appex */;
			productType = "com.apple.product-type.app-extension";
		};
		02EA0EF921BE4E5300E831F8 /* TransparentSend */ = {
			isa = PBXNativeTarget;
			buildConfigurationList = 02EA0F0C21BE4E5500E831F8 /* Build configuration list for PBXNativeTarget "TransparentSend" */;
			buildPhases = (
				02EA0EF621BE4E5300E831F8 /* Sources */,
				02EA0EF721BE4E5300E831F8 /* Frameworks */,
				02EA0EF821BE4E5300E831F8 /* Resources */,
				0217595121C4D46300C6A8CD /* Embed App Extensions */,
			);
			buildRules = (
			);
			dependencies = (
				0217594621C4D46300C6A8CD /* PBXTargetDependency */,
				0217594921C4D46300C6A8CD /* PBXTargetDependency */,
			);
			name = TransparentSend;
			productName = TransparentSend;
			productReference = 02EA0EFA21BE4E5300E831F8 /* TransparentSend.app */;
			productType = "com.apple.product-type.application";
		};
/* End PBXNativeTarget section */

/* Begin PBXProject section */
		02EA0EF221BE4E5300E831F8 /* Project object */ = {
			isa = PBXProject;
			attributes = {
				LastSwiftUpdateCheck = 1010;
				LastUpgradeCheck = 1230;
				ORGANIZATIONNAME = JiaCheng;
				TargetAttributes = {
					0217593021C4D46300C6A8CD = {
						CreatedOnToolsVersion = 10.1;
						LastSwiftMigration = 1020;
					};
					0217593921C4D46300C6A8CD = {
						CreatedOnToolsVersion = 10.1;
						LastSwiftMigration = 1020;
					};
					02EA0EF921BE4E5300E831F8 = {
						CreatedOnToolsVersion = 10.1;
						LastSwiftMigration = 1020;
					};
				};
			};
			buildConfigurationList = 02EA0EF521BE4E5300E831F8 /* Build configuration list for PBXProject "TransparentSend" */;
			compatibilityVersion = "Xcode 9.3";
			developmentRegion = en;
			hasScannedForEncodings = 0;
			knownRegions = (
				en,
				Base,
			);
			mainGroup = 02EA0EF121BE4E5300E831F8;
			productRefGroup = 02EA0EFB21BE4E5300E831F8 /* Products */;
			projectDirPath = "";
			projectRoot = "";
			targets = (
				02EA0EF921BE4E5300E831F8 /* TransparentSend */,
				0217593021C4D46300C6A8CD /* SiriIntent */,
				0217593921C4D46300C6A8CD /* SiriIntentUI */,
			);
		};
/* End PBXProject section */

/* Begin PBXResourcesBuildPhase section */
		0217592F21C4D46300C6A8CD /* Resources */ = {
			isa = PBXResourcesBuildPhase;
			buildActionMask = 2147483647;
			files = (
			);
			runOnlyForDeploymentPostprocessing = 0;
		};
		0217593821C4D46300C6A8CD /* Resources */ = {
			isa = PBXResourcesBuildPhase;
			buildActionMask = 2147483647;
			files = (
				0217594321C4D46300C6A8CD /* MainInterface.storyboard in Resources */,
			);
			runOnlyForDeploymentPostprocessing = 0;
		};
		02EA0EF821BE4E5300E831F8 /* Resources */ = {
			isa = PBXResourcesBuildPhase;
			buildActionMask = 2147483647;
			files = (
				02EA0F1C21BE4F1200E831F8 /* Main.storyboard in Resources */,
				02EA0F0821BE4E5500E831F8 /* LaunchScreen.storyboard in Resources */,
				02EA0F0521BE4E5500E831F8 /* Assets.xcassets in Resources */,
			);
			runOnlyForDeploymentPostprocessing = 0;
		};
/* End PBXResourcesBuildPhase section */

/* Begin PBXSourcesBuildPhase section */
		0217592D21C4D46300C6A8CD /* Sources */ = {
			isa = PBXSourcesBuildPhase;
			buildActionMask = 2147483647;
			files = (
				0217593421C4D46300C6A8CD /* IntentHandler.swift in Sources */,
				0217595D21C4E57900C6A8CD /* BlueDelegate.swift in Sources */,
			);
			runOnlyForDeploymentPostprocessing = 0;
		};
		0217593621C4D46300C6A8CD /* Sources */ = {
			isa = PBXSourcesBuildPhase;
			buildActionMask = 2147483647;
			files = (
				0217594021C4D46300C6A8CD /* IntentViewController.swift in Sources */,
			);
			runOnlyForDeploymentPostprocessing = 0;
		};
		02EA0EF621BE4E5300E831F8 /* Sources */ = {
			isa = PBXSourcesBuildPhase;
			buildActionMask = 2147483647;
			files = (
				0217592C21C4CE8500C6A8CD /* BlueToothCentral.swift in Sources */,
				0220D9F822BE501B003BF0E6 /* ChooseCharViewController.swift in Sources */,
				02EA0F1A21BE4F1200E831F8 /* Transition.swift in Sources */,
				02EA0F1621BE4F1200E831F8 /* ViewController.swift in Sources */,
				02EA0EFE21BE4E5300E831F8 /* AppDelegate.swift in Sources */,
				02EA0F1B21BE4F1200E831F8 /* ScanTableViewController.swift in Sources */,
				02EA0F1821BE4F1200E831F8 /* TransAnimatorBack.swift in Sources */,
				021758B821C3627300C6A8CD /* DesignateInputModeTextView.swift in Sources */,
				02EA0F1721BE4F1200E831F8 /* TransitionAnimator.swift in Sources */,
			);
			runOnlyForDeploymentPostprocessing = 0;
		};
/* End PBXSourcesBuildPhase section */

/* Begin PBXTargetDependency section */
		0217594621C4D46300C6A8CD /* PBXTargetDependency */ = {
			isa = PBXTargetDependency;
			platformFilter = ios;
			target = 0217593921C4D46300C6A8CD /* SiriIntentUI */;
			targetProxy = 0217594521C4D46300C6A8CD /* PBXContainerItemProxy */;
		};
		0217594921C4D46300C6A8CD /* PBXTargetDependency */ = {
			isa = PBXTargetDependency;
			platformFilter = ios;
			target = 0217593021C4D46300C6A8CD /* SiriIntent */;
			targetProxy = 0217594821C4D46300C6A8CD /* PBXContainerItemProxy */;
		};
/* End PBXTargetDependency section */

/* Begin PBXVariantGroup section */
		0217594121C4D46300C6A8CD /* MainInterface.storyboard */ = {
			isa = PBXVariantGroup;
			children = (
				0217594221C4D46300C6A8CD /* Base */,
			);
			name = MainInterface.storyboard;
			sourceTree = "<group>";
		};
		02EA0F0621BE4E5500E831F8 /* LaunchScreen.storyboard */ = {
			isa = PBXVariantGroup;
			children = (
				02EA0F0721BE4E5500E831F8 /* Base */,
			);
			name = LaunchScreen.storyboard;
			sourceTree = "<group>";
		};
/* End PBXVariantGroup section */

/* Begin XCBuildConfiguration section */
		0217594C21C4D46300C6A8CD /* Debug */ = {
			isa = XCBuildConfiguration;
			buildSettings = {
				CODE_SIGN_STYLE = Automatic;
				DEVELOPMENT_TEAM = QXK2SWBXZ7;
				INFOPLIST_FILE = SiriIntentUI/Info.plist;
				LD_RUNPATH_SEARCH_PATHS = (
					"$(inherited)",
					"@executable_path/Frameworks",
					"@executable_path/../../Frameworks",
				);
				PRODUCT_BUNDLE_IDENTIFIER = JiaCheng.TransparentSend.SiriIntentUI;
				PRODUCT_NAME = "$(TARGET_NAME)";
				SKIP_INSTALL = YES;
				SUPPORTS_MACCATALYST = NO;
				SWIFT_VERSION = 5.0;
				TARGETED_DEVICE_FAMILY = "1,2";
			};
			name = Debug;
		};
		0217594D21C4D46300C6A8CD /* Release */ = {
			isa = XCBuildConfiguration;
			buildSettings = {
				CODE_SIGN_STYLE = Automatic;
				DEVELOPMENT_TEAM = QXK2SWBXZ7;
				INFOPLIST_FILE = SiriIntentUI/Info.plist;
				LD_RUNPATH_SEARCH_PATHS = (
					"$(inherited)",
					"@executable_path/Frameworks",
					"@executable_path/../../Frameworks",
				);
				PRODUCT_BUNDLE_IDENTIFIER = JiaCheng.TransparentSend.SiriIntentUI;
				PRODUCT_NAME = "$(TARGET_NAME)";
				SKIP_INSTALL = YES;
				SUPPORTS_MACCATALYST = NO;
				SWIFT_VERSION = 5.0;
				TARGETED_DEVICE_FAMILY = "1,2";
			};
			name = Release;
		};
		0217594F21C4D46300C6A8CD /* Debug */ = {
			isa = XCBuildConfiguration;
			buildSettings = {
				CODE_SIGN_STYLE = Automatic;
				DEVELOPMENT_TEAM = QXK2SWBXZ7;
				INFOPLIST_FILE = SiriIntent/Info.plist;
				LD_RUNPATH_SEARCH_PATHS = (
					"$(inherited)",
					"@executable_path/Frameworks",
					"@executable_path/../../Frameworks",
				);
				PRODUCT_BUNDLE_IDENTIFIER = JiaCheng.TransparentSend.SiriIntent;
				PRODUCT_NAME = "$(TARGET_NAME)";
				SKIP_INSTALL = YES;
				SUPPORTS_MACCATALYST = NO;
				SWIFT_VERSION = 5.0;
				TARGETED_DEVICE_FAMILY = "1,2";
			};
			name = Debug;
		};
		0217595021C4D46300C6A8CD /* Release */ = {
			isa = XCBuildConfiguration;
			buildSettings = {
				CODE_SIGN_STYLE = Automatic;
				DEVELOPMENT_TEAM = QXK2SWBXZ7;
				INFOPLIST_FILE = SiriIntent/Info.plist;
				LD_RUNPATH_SEARCH_PATHS = (
					"$(inherited)",
					"@executable_path/Frameworks",
					"@executable_path/../../Frameworks",
				);
				PRODUCT_BUNDLE_IDENTIFIER = JiaCheng.TransparentSend.SiriIntent;
				PRODUCT_NAME = "$(TARGET_NAME)";
				SKIP_INSTALL = YES;
				SUPPORTS_MACCATALYST = NO;
				SWIFT_VERSION = 5.0;
				TARGETED_DEVICE_FAMILY = "1,2";
			};
			name = Release;
		};
		02EA0F0A21BE4E5500E831F8 /* Debug */ = {
			isa = XCBuildConfiguration;
			buildSettings = {
				ALWAYS_SEARCH_USER_PATHS = NO;
				CLANG_ANALYZER_NONNULL = YES;
				CLANG_ANALYZER_NUMBER_OBJECT_CONVERSION = YES_AGGRESSIVE;
				CLANG_CXX_LANGUAGE_STANDARD = "gnu++14";
				CLANG_CXX_LIBRARY = "libc++";
				CLANG_ENABLE_MODULES = YES;
				CLANG_ENABLE_OBJC_ARC = YES;
				CLANG_ENABLE_OBJC_WEAK = YES;
				CLANG_WARN_BLOCK_CAPTURE_AUTORELEASING = YES;
				CLANG_WARN_BOOL_CONVERSION = YES;
				CLANG_WARN_COMMA = YES;
				CLANG_WARN_CONSTANT_CONVERSION = YES;
				CLANG_WARN_DEPRECATED_OBJC_IMPLEMENTATIONS = YES;
				CLANG_WARN_DIRECT_OBJC_ISA_USAGE = YES_ERROR;
				CLANG_WARN_DOCUMENTATION_COMMENTS = YES;
				CLANG_WARN_EMPTY_BODY = YES;
				CLANG_WARN_ENUM_CONVERSION = YES;
				CLANG_WARN_INFINITE_RECURSION = YES;
				CLANG_WARN_INT_CONVERSION = YES;
				CLANG_WARN_NON_LITERAL_NULL_CONVERSION = YES;
				CLANG_WARN_OBJC_IMPLICIT_RETAIN_SELF = YES;
				CLANG_WARN_OBJC_LITERAL_CONVERSION = YES;
				CLANG_WARN_OBJC_ROOT_CLASS = YES_ERROR;
				CLANG_WARN_QUOTED_INCLUDE_IN_FRAMEWORK_HEADER = YES;
				CLANG_WARN_RANGE_LOOP_ANALYSIS = YES;
				CLANG_WARN_STRICT_PROTOTYPES = YES;
				CLANG_WARN_SUSPICIOUS_MOVE = YES;
				CLANG_WARN_UNGUARDED_AVAILABILITY = YES_AGGRESSIVE;
				CLANG_WARN_UNREACHABLE_CODE = YES;
				CLANG_WARN__DUPLICATE_METHOD_MATCH = YES;
				CODE_SIGN_IDENTITY = "iPhone Developer";
				COPY_PHASE_STRIP = NO;
				DEBUG_INFORMATION_FORMAT = dwarf;
				ENABLE_STRICT_OBJC_MSGSEND = YES;
				ENABLE_TESTABILITY = YES;
				GCC_C_LANGUAGE_STANDARD = gnu11;
				GCC_DYNAMIC_NO_PIC = NO;
				GCC_NO_COMMON_BLOCKS = YES;
				GCC_OPTIMIZATION_LEVEL = 0;
				GCC_PREPROCESSOR_DEFINITIONS = (
					"DEBUG=1",
					"$(inherited)",
				);
				GCC_WARN_64_TO_32_BIT_CONVERSION = YES;
				GCC_WARN_ABOUT_RETURN_TYPE = YES_ERROR;
				GCC_WARN_UNDECLARED_SELECTOR = YES;
				GCC_WARN_UNINITIALIZED_AUTOS = YES_AGGRESSIVE;
				GCC_WARN_UNUSED_FUNCTION = YES;
				GCC_WARN_UNUSED_VARIABLE = YES;
				IPHONEOS_DEPLOYMENT_TARGET = 13.0;
				MTL_ENABLE_DEBUG_INFO = INCLUDE_SOURCE;
				MTL_FAST_MATH = YES;
				ONLY_ACTIVE_ARCH = YES;
				SDKROOT = iphoneos;
				SWIFT_ACTIVE_COMPILATION_CONDITIONS = DEBUG;
				SWIFT_OPTIMIZATION_LEVEL = "-Onone";
			};
			name = Debug;
		};
		02EA0F0B21BE4E5500E831F8 /* Release */ = {
			isa = XCBuildConfiguration;
			buildSettings = {
				ALWAYS_SEARCH_USER_PATHS = NO;
				CLANG_ANALYZER_NONNULL = YES;
				CLANG_ANALYZER_NUMBER_OBJECT_CONVERSION = YES_AGGRESSIVE;
				CLANG_CXX_LANGUAGE_STANDARD = "gnu++14";
				CLANG_CXX_LIBRARY = "libc++";
				CLANG_ENABLE_MODULES = YES;
				CLANG_ENABLE_OBJC_ARC = YES;
				CLANG_ENABLE_OBJC_WEAK = YES;
				CLANG_WARN_BLOCK_CAPTURE_AUTORELEASING = YES;
				CLANG_WARN_BOOL_CONVERSION = YES;
				CLANG_WARN_COMMA = YES;
				CLANG_WARN_CONSTANT_CONVERSION = YES;
				CLANG_WARN_DEPRECATED_OBJC_IMPLEMENTATIONS = YES;
				CLANG_WARN_DIRECT_OBJC_ISA_USAGE = YES_ERROR;
				CLANG_WARN_DOCUMENTATION_COMMENTS = YES;
				CLANG_WARN_EMPTY_BODY = YES;
				CLANG_WARN_ENUM_CONVERSION = YES;
				CLANG_WARN_INFINITE_RECURSION = YES;
				CLANG_WARN_INT_CONVERSION = YES;
				CLANG_WARN_NON_LITERAL_NULL_CONVERSION = YES;
				CLANG_WARN_OBJC_IMPLICIT_RETAIN_SELF = YES;
				CLANG_WARN_OBJC_LITERAL_CONVERSION = YES;
				CLANG_WARN_OBJC_ROOT_CLASS = YES_ERROR;
				CLANG_WARN_QUOTED_INCLUDE_IN_FRAMEWORK_HEADER = YES;
				CLANG_WARN_RANGE_LOOP_ANALYSIS = YES;
				CLANG_WARN_STRICT_PROTOTYPES = YES;
				CLANG_WARN_SUSPICIOUS_MOVE = YES;
				CLANG_WARN_UNGUARDED_AVAILABILITY = YES_AGGRESSIVE;
				CLANG_WARN_UNREACHABLE_CODE = YES;
				CLANG_WARN__DUPLICATE_METHOD_MATCH = YES;
				CODE_SIGN_IDENTITY = "iPhone Developer";
				COPY_PHASE_STRIP = NO;
				DEBUG_INFORMATION_FORMAT = "dwarf-with-dsym";
				ENABLE_NS_ASSERTIONS = NO;
				ENABLE_STRICT_OBJC_MSGSEND = YES;
				GCC_C_LANGUAGE_STANDARD = gnu11;
				GCC_NO_COMMON_BLOCKS = YES;
				GCC_WARN_64_TO_32_BIT_CONVERSION = YES;
				GCC_WARN_ABOUT_RETURN_TYPE = YES_ERROR;
				GCC_WARN_UNDECLARED_SELECTOR = YES;
				GCC_WARN_UNINITIALIZED_AUTOS = YES_AGGRESSIVE;
				GCC_WARN_UNUSED_FUNCTION = YES;
				GCC_WARN_UNUSED_VARIABLE = YES;
				IPHONEOS_DEPLOYMENT_TARGET = 13.0;
				MTL_ENABLE_DEBUG_INFO = NO;
				MTL_FAST_MATH = YES;
				SDKROOT = iphoneos;
				SWIFT_COMPILATION_MODE = wholemodule;
				SWIFT_OPTIMIZATION_LEVEL = "-O";
				VALIDATE_PRODUCT = YES;
			};
			name = Release;
		};
		02EA0F0D21BE4E5500E831F8 /* Debug */ = {
			isa = XCBuildConfiguration;
			buildSettings = {
				ALWAYS_EMBED_SWIFT_STANDARD_LIBRARIES = YES;
				ASSETCATALOG_COMPILER_APPICON_NAME = AppIcon;
				CODE_SIGN_ENTITLEMENTS = TransparentSend/TransparentSend.entitlements;
				CODE_SIGN_STYLE = Automatic;
				DERIVE_MACCATALYST_PRODUCT_BUNDLE_IDENTIFIER = YES;
				DEVELOPMENT_TEAM = QXK2SWBXZ7;
				INFOPLIST_FILE = TransparentSend/Info.plist;
				IPHONEOS_DEPLOYMENT_TARGET = 12.2;
				LD_RUNPATH_SEARCH_PATHS = (
					"$(inherited)",
					"@executable_path/Frameworks",
				);
				PRODUCT_BUNDLE_IDENTIFIER = JiaCheng.TransparentSend;
				PRODUCT_NAME = "$(TARGET_NAME)";
				SUPPORTS_MACCATALYST = YES;
				SWIFT_VERSION = 5.0;
				TARGETED_DEVICE_FAMILY = "1,2";
			};
			name = Debug;
		};
		02EA0F0E21BE4E5500E831F8 /* Release */ = {
			isa = XCBuildConfiguration;
			buildSettings = {
				ALWAYS_EMBED_SWIFT_STANDARD_LIBRARIES = YES;
				ASSETCATALOG_COMPILER_APPICON_NAME = AppIcon;
				CODE_SIGN_ENTITLEMENTS = TransparentSend/TransparentSend.entitlements;
				CODE_SIGN_STYLE = Automatic;
				DERIVE_MACCATALYST_PRODUCT_BUNDLE_IDENTIFIER = YES;
				DEVELOPMENT_TEAM = QXK2SWBXZ7;
				INFOPLIST_FILE = TransparentSend/Info.plist;
				IPHONEOS_DEPLOYMENT_TARGET = 12.2;
				LD_RUNPATH_SEARCH_PATHS = (
					"$(inherited)",
					"@executable_path/Frameworks",
				);
				PRODUCT_BUNDLE_IDENTIFIER = JiaCheng.TransparentSend;
				PRODUCT_NAME = "$(TARGET_NAME)";
				SUPPORTS_MACCATALYST = YES;
				SWIFT_VERSION = 5.0;
				TARGETED_DEVICE_FAMILY = "1,2";
			};
			name = Release;
		};
/* End XCBuildConfiguration section */

/* Begin XCConfigurationList section */
		0217594B21C4D46300C6A8CD /* Build configuration list for PBXNativeTarget "SiriIntentUI" */ = {
			isa = XCConfigurationList;
			buildConfigurations = (
				0217594C21C4D46300C6A8CD /* Debug */,
				0217594D21C4D46300C6A8CD /* Release */,
			);
			defaultConfigurationIsVisible = 0;
			defaultConfigurationName = Release;
		};
		0217594E21C4D46300C6A8CD /* Build configuration list for PBXNativeTarget "SiriIntent" */ = {
			isa = XCConfigurationList;
			buildConfigurations = (
				0217594F21C4D46300C6A8CD /* Debug */,
				0217595021C4D46300C6A8CD /* Release */,
			);
			defaultConfigurationIsVisible = 0;
			defaultConfigurationName = Release;
		};
		02EA0EF521BE4E5300E831F8 /* Build configuration list for PBXProject "TransparentSend" */ = {
			isa = XCConfigurationList;
			buildConfigurations = (
				02EA0F0A21BE4E5500E831F8 /* Debug */,
				02EA0F0B21BE4E5500E831F8 /* Release */,
			);
			defaultConfigurationIsVisible = 0;
			defaultConfigurationName = Release;
		};
		02EA0F0C21BE4E5500E831F8 /* Build configuration list for PBXNativeTarget "TransparentSend" */ = {
			isa = XCConfigurationList;
			buildConfigurations = (
				02EA0F0D21BE4E5500E831F8 /* Debug */,
				02EA0F0E21BE4E5500E831F8 /* Release */,
			);
			defaultConfigurationIsVisible = 0;
			defaultConfigurationName = Release;
		};
/* End XCConfigurationList section */
	};
	rootObject = 02EA0EF221BE4E5300E831F8 /* Project object */;
}
